
Microsoft Visual Studio Solution File, Format Version 12.00
# Visual Studio Version 17
VisualStudioVersion = 17.0.31903.59
MinimumVisualStudioVersion = 10.0.40219.1
Project("{9A19103F-16F7-4668-BE54-9A1E7A4F7556}") = "fc", "fc\fc.csproj", "{DD8BC22A-8E5F-46BD-8A17-893D4CC1D931}"
EndProject
Project("{FAE04EC0-301F-11D3-BF4B-00C04F79EFBC}") = "Fuse", "Fuse\Fuse.csproj", "{3562722D-6669-4596-9449-A03224D29F0E}"
EndProject
Global
	GlobalSection(SolutionConfigurationPlatforms) = preSolution
		Debug|Any CPU = Debug|Any CPU
		Release|Any CPU = Release|Any CPU
	EndGlobalSection
	GlobalSection(ProjectConfigurationPlatforms) = postSolution
		{DD8BC22A-8E5F-46BD-8A17-893D4CC1D931}.Debug|Any CPU.ActiveCfg = Debug|Any CPU
		{DD8BC22A-8E5F-46BD-8A17-893D4CC1D931}.Debug|Any CPU.Build.0 = Debug|Any CPU
		{DD8BC22A-8E5F-46BD-8A17-893D4CC1D931}.Release|Any CPU.ActiveCfg = Release|Any CPU
		{DD8BC22A-8E5F-46BD-8A17-893D4CC1D931}.Release|Any CPU.Build.0 = Release|Any CPU
		{3562722D-6669-4596-9449-A03224D29F0E}.Debug|Any CPU.ActiveCfg = Debug|Any CPU
		{3562722D-6669-4596-9449-A03224D29F0E}.Debug|Any CPU.Build.0 = Debug|Any CPU
		{3562722D-6669-4596-9449-A03224D29F0E}.Release|Any CPU.ActiveCfg = Release|Any CPU
		{3562722D-6669-4596-9449-A03224D29F0E}.Release|Any CPU.Build.0 = Release|Any CPU
	EndGlobalSection
	GlobalSection(SolutionProperties) = preSolution
		HideSolutionNode = FALSE
	EndGlobalSection
	GlobalSection(ExtensibilityGlobals) = postSolution
		SolutionGuid = {4D5534F9-59E6-4334-A242-CC870517907A}
	EndGlobalSection
EndGlobal
